{
  "name": "type",
  "version": "1.0.0",
  "lockfileVersion": 1,
  "requires": true,
  "dependencies": {
    "highlight.js": {
      "version": "9.15.6",
      "resolved": "https://registry.npmjs.org/highlight.js/-/highlight.js-9.15.6.tgz",
      "integrity": "sha512-zozTAWM1D6sozHo8kqhfYgsac+B+q0PmsjXeyDrYIHHcBN0zTVT66+s2GW1GZv7DbyaROdLXKdabwS/WqPyIdQ=="
    },
    "reveal.js": {
      "version": "3.8.0",
      "resolved": "https://registry.npmjs.org/reveal.js/-/reveal.js-3.8.0.tgz",
      "integrity": "sha512-MQ+UBXIIL9IyBXhkLZWb/AG5h5/BedmnHXHIEavMBawNLVfAayvTrwNlDjGn4tf/CQ2CTJR8jSyIdu4RpfoLpg=="
    }
  }
}
